
Microsoft Visual Studio Solution File, Format Version 12.00
# Visual Studio 15
VisualStudioVersion = 15.0.27703.2042
MinimumVisualStudioVersion = 10.0.40219.1
Project("{FAE04EC0-301F-11D3-BF4B-00C04F79EFBC}") = "homework5", "homework5\homework5.csproj", "{73DD21F5-709D-4A95-885C-418CD26767E2}"
EndProject
Project("{FAE04EC0-301F-11D3-BF4B-00C04F79EFBC}") = "program2", "program2\program2.csproj", "{5183125B-D7C4-46E2-84D4-817D00FFC407}"
EndProject
Global
	GlobalSection(SolutionConfigurationPlatforms) = preSolution
		Debug|Any CPU = Debug|Any CPU
		Release|Any CPU = Release|Any CPU
	EndGlobalSection
	GlobalSection(ProjectConfigurationPlatforms) = postSolution
		{73DD21F5-709D-4A95-885C-418CD26767E2}.Debug|Any CPU.ActiveCfg = Debug|Any CPU
		{73DD21F5-709D-4A95-885C-418CD26767E2}.Debug|Any CPU.Build.0 = Debug|Any CPU
		{73DD21F5-709D-4A95-885C-418CD26767E2}.Release|Any CPU.ActiveCfg = Release|Any CPU
		{73DD21F5-709D-4A95-885C-418CD26767E2}.Release|Any CPU.Build.0 = Release|Any CPU
		{5183125B-D7C4-46E2-84D4-817D00FFC407}.Debug|Any CPU.ActiveCfg = Debug|Any CPU
		{5183125B-D7C4-46E2-84D4-817D00FFC407}.Debug|Any CPU.Build.0 = Debug|Any CPU
		{5183125B-D7C4-46E2-84D4-817D00FFC407}.Release|Any CPU.ActiveCfg = Release|Any CPU
		{5183125B-D7C4-46E2-84D4-817D00FFC407}.Release|Any CPU.Build.0 = Release|Any CPU
	EndGlobalSection
	GlobalSection(SolutionProperties) = preSolution
		HideSolutionNode = FALSE
	EndGlobalSection
	GlobalSection(ExtensibilityGlobals) = postSolution
		SolutionGuid = {C32A5EF1-2EFB-41BF-9779-D56706AEFB23}
	EndGlobalSection
EndGlobal
