
Microsoft Visual Studio Solution File, Format Version 12.00
# Visual Studio 15
VisualStudioVersion = 15.0.27703.2042
MinimumVisualStudioVersion = 10.0.40219.1
Project("{FAE04EC0-301F-11D3-BF4B-00C04F79EFBC}") = "homework9", "homework9\homework9.csproj", "{A70427F2-887A-4E18-B85C-17F761A02776}"
EndProject
Project("{FAE04EC0-301F-11D3-BF4B-00C04F79EFBC}") = "program2", "program2\program2.csproj", "{7F18E3F4-D272-4177-89D3-5951863D4EB5}"
EndProject
Global
	GlobalSection(SolutionConfigurationPlatforms) = preSolution
		Debug|Any CPU = Debug|Any CPU
		Release|Any CPU = Release|Any CPU
	EndGlobalSection
	GlobalSection(ProjectConfigurationPlatforms) = postSolution
		{A70427F2-887A-4E18-B85C-17F761A02776}.Debug|Any CPU.ActiveCfg = Debug|Any CPU
		{A70427F2-887A-4E18-B85C-17F761A02776}.Debug|Any CPU.Build.0 = Debug|Any CPU
		{A70427F2-887A-4E18-B85C-17F761A02776}.Release|Any CPU.ActiveCfg = Release|Any CPU
		{A70427F2-887A-4E18-B85C-17F761A02776}.Release|Any CPU.Build.0 = Release|Any CPU
		{7F18E3F4-D272-4177-89D3-5951863D4EB5}.Debug|Any CPU.ActiveCfg = Debug|Any CPU
		{7F18E3F4-D272-4177-89D3-5951863D4EB5}.Debug|Any CPU.Build.0 = Debug|Any CPU
		{7F18E3F4-D272-4177-89D3-5951863D4EB5}.Release|Any CPU.ActiveCfg = Release|Any CPU
		{7F18E3F4-D272-4177-89D3-5951863D4EB5}.Release|Any CPU.Build.0 = Release|Any CPU
	EndGlobalSection
	GlobalSection(SolutionProperties) = preSolution
		HideSolutionNode = FALSE
	EndGlobalSection
	GlobalSection(ExtensibilityGlobals) = postSolution
		SolutionGuid = {4BC0C468-516D-498C-BC35-8D5C69CC0D5B}
	EndGlobalSection
EndGlobal
