
Microsoft Visual Studio Solution File, Format Version 12.00
# Visual Studio 15
VisualStudioVersion = 15.0.27703.2042
MinimumVisualStudioVersion = 10.0.40219.1
Project("{FAE04EC0-301F-11D3-BF4B-00C04F79EFBC}") = "text1", "text1\text1.csproj", "{B5C125F0-D750-496F-AD8E-01392A8C21AE}"
EndProject
Global
	GlobalSection(SolutionConfigurationPlatforms) = preSolution
		Debug|Any CPU = Debug|Any CPU
		Release|Any CPU = Release|Any CPU
	EndGlobalSection
	GlobalSection(ProjectConfigurationPlatforms) = postSolution
		{B5C125F0-D750-496F-AD8E-01392A8C21AE}.Debug|Any CPU.ActiveCfg = Debug|Any CPU
		{B5C125F0-D750-496F-AD8E-01392A8C21AE}.Debug|Any CPU.Build.0 = Debug|Any CPU
		{B5C125F0-D750-496F-AD8E-01392A8C21AE}.Release|Any CPU.ActiveCfg = Release|Any CPU
		{B5C125F0-D750-496F-AD8E-01392A8C21AE}.Release|Any CPU.Build.0 = Release|Any CPU
	EndGlobalSection
	GlobalSection(SolutionProperties) = preSolution
		HideSolutionNode = FALSE
	EndGlobalSection
	GlobalSection(ExtensibilityGlobals) = postSolution
		SolutionGuid = {5C19585B-9F89-40E8-A8D5-53803B569E29}
	EndGlobalSection
EndGlobal
